schema: '2.0'
stages:
  data_ingestion:
    cmd: python src/data_ingestion.py
    deps:
    - path: src/data_ingestion.py
      hash: md5
      md5: 67f3fbb505a566db41cf776fb4b396ec
      size: 1483
    outs:
    - path: data/raw
      hash: md5
      md5: d86336407faad66f4d73b3c5975d323b.dir
      size: 817597
      nfiles: 2
  data_preprocessing:
    cmd: python src/data_preprocessing.py
    deps:
    - path: data/raw
      hash: md5
      md5: d86336407faad66f4d73b3c5975d323b.dir
      size: 817597
      nfiles: 2
    - path: src/data_preprocessing.py
      hash: md5
      md5: 39445259f0391ece681138189fa17585
      size: 2828
    outs:
    - path: data/interim
      hash: md5
      md5: 4ae9bfd2a693645f943ea6eec6e5e566.dir
      size: 501668
      nfiles: 2
